// !$*UTF8*$!
{
	archiveVersion = 1;
	classes = {
	};
	objectVersion = 46;
	objects = {

/* Begin PBXBuildFile section */
		DBBC2B5C23DA2884EBECB805 /* libPods-HDLive.a in Frameworks */ = {isa = PBXBuildFile; fileRef = EEBFCFEF7672B67C8A5D6313 /* libPods-HDLive.a */; };
		E1320DD21C770082002E3A96 /* LiveSettingTableViewController.m in Sources */ = {isa = PBXBuildFile; fileRef = E1320DD11C770082002E3A96 /* LiveSettingTableViewController.m */; };
		E132B99A1D07CA3300550B32 /* Reachability.m in Sources */ = {isa = PBXBuildFile; fileRef = E132B9991D07CA3300550B32 /* Reachability.m */; settings = {COMPILER_FLAGS = "-fno-objc-arc"; }; };
		E132BD661D07FF1B00550B32 /* libHardLiveStreamingSdk.a in Frameworks */ = {isa = PBXBuildFile; fileRef = E132BD651D07FF1B00550B32 /* libHardLiveStreamingSdk.a */; };
		E14B04C31CA1449A0026EFB6 /* VideoToolbox.framework in Frameworks */ = {isa = PBXBuildFile; fileRef = E14B04C21CA1449A0026EFB6 /* VideoToolbox.framework */; };
		E14B05571CA387E50026EFB6 /* libiconv.tbd in Frameworks */ = {isa = PBXBuildFile; fileRef = E14B05561CA387E50026EFB6 /* libiconv.tbd */; };
		E14B05591CA388090026EFB6 /* libbz2.1.0.tbd in Frameworks */ = {isa = PBXBuildFile; fileRef = E14B05581CA388090026EFB6 /* libbz2.1.0.tbd */; };
		E1836AEB1C75A25F00F16D7A /* main.m in Sources */ = {isa = PBXBuildFile; fileRef = E1836AEA1C75A25F00F16D7A /* main.m */; };
		E1836AEE1C75A25F00F16D7A /* AppDelegate.m in Sources */ = {isa = PBXBuildFile; fileRef = E1836AED1C75A25F00F16D7A /* AppDelegate.m */; };
		E1836AF41C75A25F00F16D7A /* Main.storyboard in Resources */ = {isa = PBXBuildFile; fileRef = E1836AF21C75A25F00F16D7A /* Main.storyboard */; };
		E1836AF61C75A25F00F16D7A /* Images.xcassets in Resources */ = {isa = PBXBuildFile; fileRef = E1836AF51C75A25F00F16D7A /* Images.xcassets */; };
		E1836AF91C75A25F00F16D7A /* LaunchScreen.xib in Resources */ = {isa = PBXBuildFile; fileRef = E1836AF71C75A25F00F16D7A /* LaunchScreen.xib */; };
		E1836B051C75A25F00F16D7A /* HDLiveTests.m in Sources */ = {isa = PBXBuildFile; fileRef = E1836B041C75A25F00F16D7A /* HDLiveTests.m */; };
		E1C9C4841C8EBD49006B22F9 /* HomeNavViewController.m in Sources */ = {isa = PBXBuildFile; fileRef = E1C9C4831C8EBD49006B22F9 /* HomeNavViewController.m */; };
		E1D614BE1C7AF50600AAF228 /* CastViewController.mm in Sources */ = {isa = PBXBuildFile; fileRef = E1D614BC1C7AF50600AAF228 /* CastViewController.mm */; };
		E1D614BF1C7AF50600AAF228 /* CastViewController.xib in Resources */ = {isa = PBXBuildFile; fileRef = E1D614BD1C7AF50600AAF228 /* CastViewController.xib */; };
		E1D614C31C7AF9CC00AAF228 /* libz.tbd in Frameworks */ = {isa = PBXBuildFile; fileRef = E1D614C21C7AF9CC00AAF228 /* libz.tbd */; };
		E1D614C81C7AF9FC00AAF228 /* CoreMotion.framework in Frameworks */ = {isa = PBXBuildFile; fileRef = E1D614C71C7AF9FC00AAF228 /* CoreMotion.framework */; };
		E1D614CA1C7AFA0A00AAF228 /* OpenGLES.framework in Frameworks */ = {isa = PBXBuildFile; fileRef = E1D614C91C7AFA0A00AAF228 /* OpenGLES.framework */; };
		E1D614CC1C7AFA1500AAF228 /* SystemConfiguration.framework in Frameworks */ = {isa = PBXBuildFile; fileRef = E1D614CB1C7AFA1500AAF228 /* SystemConfiguration.framework */; };
		E1D614CE1C7AFA1B00AAF228 /* AudioToolbox.framework in Frameworks */ = {isa = PBXBuildFile; fileRef = E1D614CD1C7AFA1B00AAF228 /* AudioToolbox.framework */; };
		E1D614D01C7AFA2200AAF228 /* AVFoundation.framework in Frameworks */ = {isa = PBXBuildFile; fileRef = E1D614CF1C7AFA2200AAF228 /* AVFoundation.framework */; };
		E1D614D21C7AFA2800AAF228 /* CoreGraphics.framework in Frameworks */ = {isa = PBXBuildFile; fileRef = E1D614D11C7AFA2800AAF228 /* CoreGraphics.framework */; };
/* End PBXBuildFile section */

/* Begin PBXContainerItemProxy section */
		E1836AFF1C75A25F00F16D7A /* PBXContainerItemProxy */ = {
			isa = PBXContainerItemProxy;
			containerPortal = E1836ADD1C75A25F00F16D7A /* Project object */;
			proxyType = 1;
			remoteGlobalIDString = E1836AE41C75A25F00F16D7A;
			remoteInfo = HDLive;
		};
/* End PBXContainerItemProxy section */

/* Begin PBXFileReference section */
		4E098449601F7FA65CA6645C /* Pods-HDLive.debug.xcconfig */ = {isa = PBXFileReference; includeInIndex = 1; lastKnownFileType = text.xcconfig; name = "Pods-HDLive.debug.xcconfig"; path = "Pods/Target Support Files/Pods-HDLive/Pods-HDLive.debug.xcconfig"; sourceTree = "<group>"; };
		E1320DD01C770082002E3A96 /* LiveSettingTableViewController.h */ = {isa = PBXFileReference; fileEncoding = 4; lastKnownFileType = sourcecode.c.h; path = LiveSettingTableViewController.h; sourceTree = "<group>"; };
		E1320DD11C770082002E3A96 /* LiveSettingTableViewController.m */ = {isa = PBXFileReference; fileEncoding = 4; lastKnownFileType = sourcecode.c.objc; path = LiveSettingTableViewController.m; sourceTree = "<group>"; };
		E1320DD31C7708D8002E3A96 /* LivePredefine.h */ = {isa = PBXFileReference; lastKnownFileType = sourcecode.c.h; path = LivePredefine.h; sourceTree = "<group>"; };
		E132B9981D07CA3300550B32 /* Reachability.h */ = {isa = PBXFileReference; fileEncoding = 4; lastKnownFileType = sourcecode.c.h; name = Reachability.h; path = xfb/Reachability.h; sourceTree = "<group>"; };
		E132B9991D07CA3300550B32 /* Reachability.m */ = {isa = PBXFileReference; fileEncoding = 4; lastKnownFileType = sourcecode.c.objc; name = Reachability.m; path = xfb/Reachability.m; sourceTree = "<group>"; };
		E132BD641D07FF1300550B32 /* HardLiveStreamingSdk.h */ = {isa = PBXFileReference; fileEncoding = 4; lastKnownFileType = sourcecode.c.h; path = HardLiveStreamingSdk.h; sourceTree = "<group>"; };
		E132BD651D07FF1B00550B32 /* libHardLiveStreamingSdk.a */ = {isa = PBXFileReference; lastKnownFileType = archive.ar; path = libHardLiveStreamingSdk.a; sourceTree = "<group>"; };
		E14B04C21CA1449A0026EFB6 /* VideoToolbox.framework */ = {isa = PBXFileReference; lastKnownFileType = wrapper.framework; name = VideoToolbox.framework; path = System/Library/Frameworks/VideoToolbox.framework; sourceTree = SDKROOT; };
		E14B05561CA387E50026EFB6 /* libiconv.tbd */ = {isa = PBXFileReference; lastKnownFileType = "sourcecode.text-based-dylib-definition"; name = libiconv.tbd; path = usr/lib/libiconv.tbd; sourceTree = SDKROOT; };
		E14B05581CA388090026EFB6 /* libbz2.1.0.tbd */ = {isa = PBXFileReference; lastKnownFileType = "sourcecode.text-based-dylib-definition"; name = libbz2.1.0.tbd; path = usr/lib/libbz2.1.0.tbd; sourceTree = SDKROOT; };
		E1836AE51C75A25F00F16D7A /* HDLive.app */ = {isa = PBXFileReference; explicitFileType = wrapper.application; includeInIndex = 0; path = HDLive.app; sourceTree = BUILT_PRODUCTS_DIR; };
		E1836AE91C75A25F00F16D7A /* Info.plist */ = {isa = PBXFileReference; lastKnownFileType = text.plist.xml; path = Info.plist; sourceTree = "<group>"; };
		E1836AEA1C75A25F00F16D7A /* main.m */ = {isa = PBXFileReference; lastKnownFileType = sourcecode.c.objc; path = main.m; sourceTree = "<group>"; };
		E1836AEC1C75A25F00F16D7A /* AppDelegate.h */ = {isa = PBXFileReference; lastKnownFileType = sourcecode.c.h; path = AppDelegate.h; sourceTree = "<group>"; };
		E1836AED1C75A25F00F16D7A /* AppDelegate.m */ = {isa = PBXFileReference; lastKnownFileType = sourcecode.c.objc; path = AppDelegate.m; sourceTree = "<group>"; };
		E1836AF31C75A25F00F16D7A /* Base */ = {isa = PBXFileReference; lastKnownFileType = file.storyboard; name = Base; path = Base.lproj/Main.storyboard; sourceTree = "<group>"; };
		E1836AF51C75A25F00F16D7A /* Images.xcassets */ = {isa = PBXFileReference; lastKnownFileType = folder.assetcatalog; path = Images.xcassets; sourceTree = "<group>"; };
		E1836AF81C75A25F00F16D7A /* Base */ = {isa = PBXFileReference; lastKnownFileType = file.xib; name = Base; path = Base.lproj/LaunchScreen.xib; sourceTree = "<group>"; };
		E1836AFE1C75A25F00F16D7A /* HDLiveTests.xctest */ = {isa = PBXFileReference; explicitFileType = wrapper.cfbundle; includeInIndex = 0; path = HDLiveTests.xctest; sourceTree = BUILT_PRODUCTS_DIR; };
		E1836B031C75A25F00F16D7A /* Info.plist */ = {isa = PBXFileReference; lastKnownFileType = text.plist.xml; path = Info.plist; sourceTree = "<group>"; };
		E1836B041C75A25F00F16D7A /* HDLiveTests.m */ = {isa = PBXFileReference; lastKnownFileType = sourcecode.c.objc; path = HDLiveTests.m; sourceTree = "<group>"; };
		E1C9C4821C8EBD49006B22F9 /* HomeNavViewController.h */ = {isa = PBXFileReference; fileEncoding = 4; lastKnownFileType = sourcecode.c.h; path = HomeNavViewController.h; sourceTree = "<group>"; };
		E1C9C4831C8EBD49006B22F9 /* HomeNavViewController.m */ = {isa = PBXFileReference; fileEncoding = 4; lastKnownFileType = sourcecode.c.objc; path = HomeNavViewController.m; sourceTree = "<group>"; };
		E1D614BB1C7AF50600AAF228 /* CastViewController.h */ = {isa = PBXFileReference; fileEncoding = 4; lastKnownFileType = sourcecode.c.h; path = CastViewController.h; sourceTree = "<group>"; };
		E1D614BC1C7AF50600AAF228 /* CastViewController.mm */ = {isa = PBXFileReference; fileEncoding = 4; lastKnownFileType = sourcecode.cpp.objcpp; path = CastViewController.mm; sourceTree = "<group>"; };
		E1D614BD1C7AF50600AAF228 /* CastViewController.xib */ = {isa = PBXFileReference; fileEncoding = 4; lastKnownFileType = file.xib; path = CastViewController.xib; sourceTree = "<group>"; };
		E1D614C01C7AF9B400AAF228 /* Foundation.framework */ = {isa = PBXFileReference; lastKnownFileType = wrapper.framework; name = Foundation.framework; path = System/Library/Frameworks/Foundation.framework; sourceTree = SDKROOT; };
		E1D614C21C7AF9CC00AAF228 /* libz.tbd */ = {isa = PBXFileReference; lastKnownFileType = "sourcecode.text-based-dylib-definition"; name = libz.tbd; path = usr/lib/libz.tbd; sourceTree = SDKROOT; };
		E1D614C71C7AF9FC00AAF228 /* CoreMotion.framework */ = {isa = PBXFileReference; lastKnownFileType = wrapper.framework; name = CoreMotion.framework; path = System/Library/Frameworks/CoreMotion.framework; sourceTree = SDKROOT; };
		E1D614C91C7AFA0A00AAF228 /* OpenGLES.framework */ = {isa = PBXFileReference; lastKnownFileType = wrapper.framework; name = OpenGLES.framework; path = System/Library/Frameworks/OpenGLES.framework; sourceTree = SDKROOT; };
		E1D614CB1C7AFA1500AAF228 /* SystemConfiguration.framework */ = {isa = PBXFileReference; lastKnownFileType = wrapper.framework; name = SystemConfiguration.framework; path = System/Library/Frameworks/SystemConfiguration.framework; sourceTree = SDKROOT; };
		E1D614CD1C7AFA1B00AAF228 /* AudioToolbox.framework */ = {isa = PBXFileReference; lastKnownFileType = wrapper.framework; name = AudioToolbox.framework; path = System/Library/Frameworks/AudioToolbox.framework; sourceTree = SDKROOT; };
		E1D614CF1C7AFA2200AAF228 /* AVFoundation.framework */ = {isa = PBXFileReference; lastKnownFileType = wrapper.framework; name = AVFoundation.framework; path = System/Library/Frameworks/AVFoundation.framework; sourceTree = SDKROOT; };
		E1D614D11C7AFA2800AAF228 /* CoreGraphics.framework */ = {isa = PBXFileReference; lastKnownFileType = wrapper.framework; name = CoreGraphics.framework; path = System/Library/Frameworks/CoreGraphics.framework; sourceTree = SDKROOT; };
		E622D1DB56D5E773473086C6 /* Pods-HDLive.release.xcconfig */ = {isa = PBXFileReference; includeInIndex = 1; lastKnownFileType = text.xcconfig; name = "Pods-HDLive.release.xcconfig"; path = "Pods/Target Support Files/Pods-HDLive/Pods-HDLive.release.xcconfig"; sourceTree = "<group>"; };
		EEBFCFEF7672B67C8A5D6313 /* libPods-HDLive.a */ = {isa = PBXFileReference; explicitFileType = archive.ar; includeInIndex = 0; path = "libPods-HDLive.a"; sourceTree = BUILT_PRODUCTS_DIR; };
/* End PBXFileReference section */

/* Begin PBXFrameworksBuildPhase section */
		E1836AE21C75A25F00F16D7A /* Frameworks */ = {
			isa = PBXFrameworksBuildPhase;
			buildActionMask = 2147483647;
			files = (
				E14B05591CA388090026EFB6 /* libbz2.1.0.tbd in Frameworks */,
				E14B05571CA387E50026EFB6 /* libiconv.tbd in Frameworks */,
				E14B04C31CA1449A0026EFB6 /* VideoToolbox.framework in Frameworks */,
				E1D614D21C7AFA2800AAF228 /* CoreGraphics.framework in Frameworks */,
				E1D614D01C7AFA2200AAF228 /* AVFoundation.framework in Frameworks */,
				E1D614CE1C7AFA1B00AAF228 /* AudioToolbox.framework in Frameworks */,
				E132BD661D07FF1B00550B32 /* libHardLiveStreamingSdk.a in Frameworks */,
				E1D614CC1C7AFA1500AAF228 /* SystemConfiguration.framework in Frameworks */,
				E1D614CA1C7AFA0A00AAF228 /* OpenGLES.framework in Frameworks */,
				E1D614C31C7AF9CC00AAF228 /* libz.tbd in Frameworks */,
				E1D614C81C7AF9FC00AAF228 /* CoreMotion.framework in Frameworks */,
				DBBC2B5C23DA2884EBECB805 /* libPods-HDLive.a in Frameworks */,
			);
			runOnlyForDeploymentPostprocessing = 0;
		};
		E1836AFB1C75A25F00F16D7A /* Frameworks */ = {
			isa = PBXFrameworksBuildPhase;
			buildActionMask = 2147483647;
			files = (
			);
			runOnlyForDeploymentPostprocessing = 0;
		};
/* End PBXFrameworksBuildPhase section */

/* Begin PBXGroup section */
		1C164140DFE681E69258E812 /* Frameworks */ = {
			isa = PBXGroup;
			children = (
				E14B05581CA388090026EFB6 /* libbz2.1.0.tbd */,
				E14B05561CA387E50026EFB6 /* libiconv.tbd */,
				E14B04C21CA1449A0026EFB6 /* VideoToolbox.framework */,
				E1D614D11C7AFA2800AAF228 /* CoreGraphics.framework */,
				E1D614CF1C7AFA2200AAF228 /* AVFoundation.framework */,
				E1D614CD1C7AFA1B00AAF228 /* AudioToolbox.framework */,
				E1D614CB1C7AFA1500AAF228 /* SystemConfiguration.framework */,
				E1D614C91C7AFA0A00AAF228 /* OpenGLES.framework */,
				E1D614C71C7AF9FC00AAF228 /* CoreMotion.framework */,
				E1D614C21C7AF9CC00AAF228 /* libz.tbd */,
				E1D614C01C7AF9B400AAF228 /* Foundation.framework */,
				EEBFCFEF7672B67C8A5D6313 /* libPods-HDLive.a */,
			);
			name = Frameworks;
			sourceTree = "<group>";
		};
		DBC11D64411A2A5A6A50E593 /* Pods */ = {
			isa = PBXGroup;
			children = (
				4E098449601F7FA65CA6645C /* Pods-HDLive.debug.xcconfig */,
				E622D1DB56D5E773473086C6 /* Pods-HDLive.release.xcconfig */,
			);
			name = Pods;
			sourceTree = "<group>";
		};
		E132BD621D07FF1300550B32 /* include */ = {
			isa = PBXGroup;
			children = (
				E132BD631D07FF1300550B32 /* HardLiveStreamingSdk */,
			);
			path = include;
			sourceTree = "<group>";
		};
		E132BD631D07FF1300550B32 /* HardLiveStreamingSdk */ = {
			isa = PBXGroup;
			children = (
				E132BD641D07FF1300550B32 /* HardLiveStreamingSdk.h */,
			);
			path = HardLiveStreamingSdk;
			sourceTree = "<group>";
		};
		E1836ADC1C75A25F00F16D7A = {
			isa = PBXGroup;
			children = (
				E1836AE71C75A25F00F16D7A /* HDLive */,
				E1836B011C75A25F00F16D7A /* HDLiveTests */,
				E1836AE61C75A25F00F16D7A /* Products */,
				DBC11D64411A2A5A6A50E593 /* Pods */,
				1C164140DFE681E69258E812 /* Frameworks */,
			);
			sourceTree = "<group>";
		};
		E1836AE61C75A25F00F16D7A /* Products */ = {
			isa = PBXGroup;
			children = (
				E1836AE51C75A25F00F16D7A /* HDLive.app */,
				E1836AFE1C75A25F00F16D7A /* HDLiveTests.xctest */,
			);
			name = Products;
			sourceTree = "<group>";
		};
		E1836AE71C75A25F00F16D7A /* HDLive */ = {
			isa = PBXGroup;
			children = (
				E132BD651D07FF1B00550B32 /* libHardLiveStreamingSdk.a */,
				E132BD621D07FF1300550B32 /* include */,
				E132B9981D07CA3300550B32 /* Reachability.h */,
				E132B9991D07CA3300550B32 /* Reachability.m */,
				E1836AEC1C75A25F00F16D7A /* AppDelegate.h */,
				E1836AED1C75A25F00F16D7A /* AppDelegate.m */,
				E1C9C4821C8EBD49006B22F9 /* HomeNavViewController.h */,
				E1C9C4831C8EBD49006B22F9 /* HomeNavViewController.m */,
				E1D614BB1C7AF50600AAF228 /* CastViewController.h */,
				E1D614BC1C7AF50600AAF228 /* CastViewController.mm */,
				E1D614BD1C7AF50600AAF228 /* CastViewController.xib */,
				E1836AF21C75A25F00F16D7A /* Main.storyboard */,
				E1836AF51C75A25F00F16D7A /* Images.xcassets */,
				E1836AF71C75A25F00F16D7A /* LaunchScreen.xib */,
				E1836AE81C75A25F00F16D7A /* Supporting Files */,
				E1320DD01C770082002E3A96 /* LiveSettingTableViewController.h */,
				E1320DD11C770082002E3A96 /* LiveSettingTableViewController.m */,
				E1320DD31C7708D8002E3A96 /* LivePredefine.h */,
			);
			path = HDLive;
			sourceTree = "<group>";
		};
		E1836AE81C75A25F00F16D7A /* Supporting Files */ = {
			isa = PBXGroup;
			children = (
				E1836AE91C75A25F00F16D7A /* Info.plist */,
				E1836AEA1C75A25F00F16D7A /* main.m */,
			);
			name = "Supporting Files";
			sourceTree = "<group>";
		};
		E1836B011C75A25F00F16D7A /* HDLiveTests */ = {
			isa = PBXGroup;
			children = (
				E1836B041C75A25F00F16D7A /* HDLiveTests.m */,
				E1836B021C75A25F00F16D7A /* Supporting Files */,
			);
			path = HDLiveTests;
			sourceTree = "<group>";
		};
		E1836B021C75A25F00F16D7A /* Supporting Files */ = {
			isa = PBXGroup;
			children = (
				E1836B031C75A25F00F16D7A /* Info.plist */,
			);
			name = "Supporting Files";
			sourceTree = "<group>";
		};
/* End PBXGroup section */

/* Begin PBXNativeTarget section */
		E1836AE41C75A25F00F16D7A /* HDLive */ = {
			isa = PBXNativeTarget;
			buildConfigurationList = E1836B081C75A25F00F16D7A /* Build configuration list for PBXNativeTarget "HDLive" */;
			buildPhases = (
				8C3CD07EDAF6C4090141DE98 /* Check Pods Manifest.lock */,
				E1836AE11C75A25F00F16D7A /* Sources */,
				E1836AE21C75A25F00F16D7A /* Frameworks */,
				E1836AE31C75A25F00F16D7A /* Resources */,
				46383639C531541D7BB1B4D2 /* Embed Pods Frameworks */,
			);
			buildRules = (
			);
			dependencies = (
			);
			name = HDLive;
			productName = HDLive;
			productReference = E1836AE51C75A25F00F16D7A /* HDLive.app */;
			productType = "com.apple.product-type.application";
		};
		E1836AFD1C75A25F00F16D7A /* HDLiveTests */ = {
			isa = PBXNativeTarget;
			buildConfigurationList = E1836B0B1C75A25F00F16D7A /* Build configuration list for PBXNativeTarget "HDLiveTests" */;
			buildPhases = (
				E1836AFA1C75A25F00F16D7A /* Sources */,
				E1836AFB1C75A25F00F16D7A /* Frameworks */,
				E1836AFC1C75A25F00F16D7A /* Resources */,
			);
			buildRules = (
			);
			dependencies = (
				E1836B001C75A25F00F16D7A /* PBXTargetDependency */,
			);
			name = HDLiveTests;
			productName = HDLiveTests;
			productReference = E1836AFE1C75A25F00F16D7A /* HDLiveTests.xctest */;
			productType = "com.apple.product-type.bundle.unit-test";
		};
/* End PBXNativeTarget section */

/* Begin PBXProject section */
		E1836ADD1C75A25F00F16D7A /* Project object */ = {
			isa = PBXProject;
			attributes = {
				LastUpgradeCheck = 0640;
				ORGANIZATIONNAME = doulai;
				TargetAttributes = {
					E1836AE41C75A25F00F16D7A = {
						CreatedOnToolsVersion = 6.4;
						DevelopmentTeam = WFC7JFVM3X;
					};
					E1836AFD1C75A25F00F16D7A = {
						CreatedOnToolsVersion = 6.4;
						TestTargetID = E1836AE41C75A25F00F16D7A;
					};
				};
			};
			buildConfigurationList = E1836AE01C75A25F00F16D7A /* Build configuration list for PBXProject "HDLive" */;
			compatibilityVersion = "Xcode 3.2";
			developmentRegion = English;
			hasScannedForEncodings = 0;
			knownRegions = (
				en,
				Base,
			);
			mainGroup = E1836ADC1C75A25F00F16D7A;
			productRefGroup = E1836AE61C75A25F00F16D7A /* Products */;
			projectDirPath = "";
			projectRoot = "";
			targets = (
				E1836AE41C75A25F00F16D7A /* HDLive */,
				E1836AFD1C75A25F00F16D7A /* HDLiveTests */,
			);
		};
/* End PBXProject section */

/* Begin PBXResourcesBuildPhase section */
		E1836AE31C75A25F00F16D7A /* Resources */ = {
			isa = PBXResourcesBuildPhase;
			buildActionMask = 2147483647;
			files = (
				E1836AF41C75A25F00F16D7A /* Main.storyboard in Resources */,
				E1D614BF1C7AF50600AAF228 /* CastViewController.xib in Resources */,
				E1836AF91C75A25F00F16D7A /* LaunchScreen.xib in Resources */,
				E1836AF61C75A25F00F16D7A /* Images.xcassets in Resources */,
			);
			runOnlyForDeploymentPostprocessing = 0;
		};
		E1836AFC1C75A25F00F16D7A /* Resources */ = {
			isa = PBXResourcesBuildPhase;
			buildActionMask = 2147483647;
			files = (
			);
			runOnlyForDeploymentPostprocessing = 0;
		};
/* End PBXResourcesBuildPhase section */

/* Begin PBXShellScriptBuildPhase section */
		46383639C531541D7BB1B4D2 /* Embed Pods Frameworks */ = {
			isa = PBXShellScriptBuildPhase;
			buildActionMask = 2147483647;
			files = (
			);
			inputPaths = (
			);
			name = "Embed Pods Frameworks";
			outputPaths = (
			);
			runOnlyForDeploymentPostprocessing = 0;
			shellPath = /bin/sh;
			shellScript = "\"${SRCROOT}/Pods/Target Support Files/Pods-HDLive/Pods-HDLive-frameworks.sh\"\n";
			showEnvVarsInLog = 0;
		};
		8C3CD07EDAF6C4090141DE98 /* Check Pods Manifest.lock */ = {
			isa = PBXShellScriptBuildPhase;
			buildActionMask = 2147483647;
			files = (
			);
			inputPaths = (
			);
			name = "Check Pods Manifest.lock";
			outputPaths = (
			);
			runOnlyForDeploymentPostprocessing = 0;
			shellPath = /bin/sh;
			shellScript = "diff \"${PODS_ROOT}/../Podfile.lock\" \"${PODS_ROOT}/Manifest.lock\" > /dev/null\nif [[ $? != 0 ]] ; then\n    cat << EOM\nerror: The sandbox is not in sync with the Podfile.lock. Run 'pod install' or update your CocoaPods installation.\nEOM\n    exit 1\nfi\n";
			showEnvVarsInLog = 0;
		};
/* End PBXShellScriptBuildPhase section */

/* Begin PBXSourcesBuildPhase section */
		E1836AE11C75A25F00F16D7A /* Sources */ = {
			isa = PBXSourcesBuildPhase;
			buildActionMask = 2147483647;
			files = (
				E1836AEE1C75A25F00F16D7A /* AppDelegate.m in Sources */,
				E1320DD21C770082002E3A96 /* LiveSettingTableViewController.m in Sources */,
				E1C9C4841C8EBD49006B22F9 /* HomeNavViewController.m in Sources */,
				E1D614BE1C7AF50600AAF228 /* CastViewController.mm in Sources */,
				E132B99A1D07CA3300550B32 /* Reachability.m in Sources */,
				E1836AEB1C75A25F00F16D7A /* main.m in Sources */,
			);
			runOnlyForDeploymentPostprocessing = 0;
		};
		E1836AFA1C75A25F00F16D7A /* Sources */ = {
			isa = PBXSourcesBuildPhase;
			buildActionMask = 2147483647;
			files = (
				E1836B051C75A25F00F16D7A /* HDLiveTests.m in Sources */,
			);
			runOnlyForDeploymentPostprocessing = 0;
		};
/* End PBXSourcesBuildPhase section */

/* Begin PBXTargetDependency section */
		E1836B001C75A25F00F16D7A /* PBXTargetDependency */ = {
			isa = PBXTargetDependency;
			target = E1836AE41C75A25F00F16D7A /* HDLive */;
			targetProxy = E1836AFF1C75A25F00F16D7A /* PBXContainerItemProxy */;
		};
/* End PBXTargetDependency section */

/* Begin PBXVariantGroup section */
		E1836AF21C75A25F00F16D7A /* Main.storyboard */ = {
			isa = PBXVariantGroup;
			children = (
				E1836AF31C75A25F00F16D7A /* Base */,
			);
			name = Main.storyboard;
			sourceTree = "<group>";
		};
		E1836AF71C75A25F00F16D7A /* LaunchScreen.xib */ = {
			isa = PBXVariantGroup;
			children = (
				E1836AF81C75A25F00F16D7A /* Base */,
			);
			name = LaunchScreen.xib;
			sourceTree = "<group>";
		};
/* End PBXVariantGroup section */

/* Begin XCBuildConfiguration section */
		E1836B061C75A25F00F16D7A /* Debug */ = {
			isa = XCBuildConfiguration;
			buildSettings = {
				ALWAYS_SEARCH_USER_PATHS = NO;
				CLANG_CXX_LANGUAGE_STANDARD = "gnu++0x";
				CLANG_CXX_LIBRARY = "libc++";
				CLANG_ENABLE_MODULES = YES;
				CLANG_ENABLE_OBJC_ARC = YES;
				CLANG_WARN_BOOL_CONVERSION = YES;
				CLANG_WARN_CONSTANT_CONVERSION = YES;
				CLANG_WARN_DIRECT_OBJC_ISA_USAGE = YES_ERROR;
				CLANG_WARN_EMPTY_BODY = YES;
				CLANG_WARN_ENUM_CONVERSION = YES;
				CLANG_WARN_INT_CONVERSION = YES;
				CLANG_WARN_OBJC_ROOT_CLASS = YES_ERROR;
				CLANG_WARN_UNREACHABLE_CODE = YES;
				CLANG_WARN__DUPLICATE_METHOD_MATCH = YES;
				"CODE_SIGN_IDENTITY[sdk=iphoneos*]" = "iPhone Developer";
				COPY_PHASE_STRIP = NO;
				DEBUG_INFORMATION_FORMAT = "dwarf-with-dsym";
				ENABLE_STRICT_OBJC_MSGSEND = YES;
				GCC_C_LANGUAGE_STANDARD = gnu99;
				GCC_DYNAMIC_NO_PIC = NO;
				GCC_NO_COMMON_BLOCKS = YES;
				GCC_OPTIMIZATION_LEVEL = 0;
				GCC_PREPROCESSOR_DEFINITIONS = (
					"DEBUG=1",
					"$(inherited)",
				);
				GCC_SYMBOLS_PRIVATE_EXTERN = NO;
				GCC_WARN_64_TO_32_BIT_CONVERSION = YES;
				GCC_WARN_ABOUT_RETURN_TYPE = YES_ERROR;
				GCC_WARN_UNDECLARED_SELECTOR = YES;
				GCC_WARN_UNINITIALIZED_AUTOS = YES_AGGRESSIVE;
				GCC_WARN_UNUSED_FUNCTION = YES;
				GCC_WARN_UNUSED_VARIABLE = YES;
				IPHONEOS_DEPLOYMENT_TARGET = 8.4;
				MTL_ENABLE_DEBUG_INFO = YES;
				ONLY_ACTIVE_ARCH = YES;
				SDKROOT = iphoneos;
				TARGETED_DEVICE_FAMILY = "1,2";
			};
			name = Debug;
		};
		E1836B071C75A25F00F16D7A /* Release */ = {
			isa = XCBuildConfiguration;
			buildSettings = {
				ALWAYS_SEARCH_USER_PATHS = NO;
				CLANG_CXX_LANGUAGE_STANDARD = "gnu++0x";
				CLANG_CXX_LIBRARY = "libc++";
				CLANG_ENABLE_MODULES = YES;
				CLANG_ENABLE_OBJC_ARC = YES;
				CLANG_WARN_BOOL_CONVERSION = YES;
				CLANG_WARN_CONSTANT_CONVERSION = YES;
				CLANG_WARN_DIRECT_OBJC_ISA_USAGE = YES_ERROR;
				CLANG_WARN_EMPTY_BODY = YES;
				CLANG_WARN_ENUM_CONVERSION = YES;
				CLANG_WARN_INT_CONVERSION = YES;
				CLANG_WARN_OBJC_ROOT_CLASS = YES_ERROR;
				CLANG_WARN_UNREACHABLE_CODE = YES;
				CLANG_WARN__DUPLICATE_METHOD_MATCH = YES;
				"CODE_SIGN_IDENTITY[sdk=iphoneos*]" = "iPhone Developer";
				COPY_PHASE_STRIP = NO;
				DEBUG_INFORMATION_FORMAT = "dwarf-with-dsym";
				ENABLE_NS_ASSERTIONS = NO;
				ENABLE_STRICT_OBJC_MSGSEND = YES;
				GCC_C_LANGUAGE_STANDARD = gnu99;
				GCC_NO_COMMON_BLOCKS = YES;
				GCC_WARN_64_TO_32_BIT_CONVERSION = YES;
				GCC_WARN_ABOUT_RETURN_TYPE = YES_ERROR;
				GCC_WARN_UNDECLARED_SELECTOR = YES;
				GCC_WARN_UNINITIALIZED_AUTOS = YES_AGGRESSIVE;
				GCC_WARN_UNUSED_FUNCTION = YES;
				GCC_WARN_UNUSED_VARIABLE = YES;
				IPHONEOS_DEPLOYMENT_TARGET = 8.4;
				MTL_ENABLE_DEBUG_INFO = NO;
				SDKROOT = iphoneos;
				TARGETED_DEVICE_FAMILY = "1,2";
				VALIDATE_PRODUCT = YES;
			};
			name = Release;
		};
		E1836B091C75A25F00F16D7A /* Debug */ = {
			isa = XCBuildConfiguration;
			baseConfigurationReference = 4E098449601F7FA65CA6645C /* Pods-HDLive.debug.xcconfig */;
			buildSettings = {
				ALWAYS_SEARCH_USER_PATHS = NO;
				ASSETCATALOG_COMPILER_APPICON_NAME = AppIcon;
				CODE_SIGN_IDENTITY = "iPhone Developer";
				ENABLE_BITCODE = NO;
				FRAMEWORK_SEARCH_PATHS = (
					"$(inherited)",
					"$(PROJECT_DIR)/HDLive/PgySDK/sdk",
				);
				GCC_PREPROCESSOR_DEFINITIONS = (
					"COCOAPODS=1",
					LINUX,
				);
				HEADER_SEARCH_PATHS = (
					"$(inherited)",
					"\"${PODS_ROOT}/Headers/Public\"",
					"\"${PODS_ROOT}/Headers/Public/AFNetworking\"",
					"\"${PODS_ROOT}/Headers/Public/IQKeyboardManager\"",
					"\"${PODS_ROOT}/Headers/Public/JSONModel\"",
					"\"${PODS_ROOT}/Headers/Public/MJPhotoBrowser\"",
					"\"${PODS_ROOT}/Headers/Public/MJRefresh\"",
					"\"${PODS_ROOT}/Headers/Public/MMDrawerController\"",
					"\"${PODS_ROOT}/Headers/Public/MMPopupView\"",
					"\"${PODS_ROOT}/Headers/Public/Masonry\"",
					"\"${PODS_ROOT}/Headers/Public/PgyUpdate\"",
					"\"${PODS_ROOT}/Headers/Public/QuickDialog\"",
					"\"${PODS_ROOT}/Headers/Public/SDWebImage\"",
					"\"${PODS_ROOT}/Headers/Public/SVProgressHUD\"",
					"\"${PODS_ROOT}/Headers/Public/UIColor+MLPFlatColors\"",
					"\"${PODS_ROOT}/Headers/Public/YLGIFImage\"",
					"$(PROJECT_DIR)/HDLive/seekuHardware/livesourceSDK/libssl/include",
					"$(PROJECT_DIR)/HDLive/seekuHardware/livesourceSDK/VT/ffmpeg/include",
				);
				INFOPLIST_FILE = HDLive/Info.plist;
				IPHONEOS_DEPLOYMENT_TARGET = 7.0;
				LD_RUNPATH_SEARCH_PATHS = "$(inherited) @executable_path/Frameworks";
				LIBRARY_SEARCH_PATHS = (
					"$(inherited)",
					"$(PROJECT_DIR)/HDLive/seekuHardware/livesourceSDK/libssl/lib",
					"$(PROJECT_DIR)/HDLive/xfb/SDKExport",
					"$(PROJECT_DIR)/HDLive/seekuHardware/livesourceSDK/VT/ffmpeg/lib",
					"$(PROJECT_DIR)/HDLive/seekuHardware/livesourceSDK/VT/ffmpeg",
					"$(PROJECT_DIR)/HDLive",
				);
				PRODUCT_BUNDLE_IDENTIFIER = cn.fuleyou.xinfubaozx;
				PRODUCT_NAME = "$(TARGET_NAME)";
			};
			name = Debug;
		};
		E1836B0A1C75A25F00F16D7A /* Release */ = {
			isa = XCBuildConfiguration;
			baseConfigurationReference = E622D1DB56D5E773473086C6 /* Pods-HDLive.release.xcconfig */;
			buildSettings = {
				ALWAYS_SEARCH_USER_PATHS = NO;
				ASSETCATALOG_COMPILER_APPICON_NAME = AppIcon;
				CODE_SIGN_IDENTITY = "iPhone Distribution: Hangzhou fuleyou Technology Co.,Ltd.";
				ENABLE_BITCODE = NO;
				FRAMEWORK_SEARCH_PATHS = (
					"$(inherited)",
					"$(PROJECT_DIR)/HDLive/PgySDK/sdk",
				);
				GCC_PREPROCESSOR_DEFINITIONS = (
					"$(inherited)",
					"COCOAPODS=1",
					LINUX,
				);
				HEADER_SEARCH_PATHS = (
					"$(inherited)",
					"\"${PODS_ROOT}/Headers/Public\"",
					"\"${PODS_ROOT}/Headers/Public/AFNetworking\"",
					"\"${PODS_ROOT}/Headers/Public/IQKeyboardManager\"",
					"\"${PODS_ROOT}/Headers/Public/JSONModel\"",
					"\"${PODS_ROOT}/Headers/Public/MJPhotoBrowser\"",
					"\"${PODS_ROOT}/Headers/Public/MJRefresh\"",
					"\"${PODS_ROOT}/Headers/Public/MMDrawerController\"",
					"\"${PODS_ROOT}/Headers/Public/MMPopupView\"",
					"\"${PODS_ROOT}/Headers/Public/Masonry\"",
					"\"${PODS_ROOT}/Headers/Public/PgyUpdate\"",
					"\"${PODS_ROOT}/Headers/Public/QuickDialog\"",
					"\"${PODS_ROOT}/Headers/Public/SDWebImage\"",
					"\"${PODS_ROOT}/Headers/Public/SVProgressHUD\"",
					"\"${PODS_ROOT}/Headers/Public/UIColor+MLPFlatColors\"",
					"\"${PODS_ROOT}/Headers/Public/YLGIFImage\"",
					"$(PROJECT_DIR)/HDLive/seekuHardware/livesourceSDK/libssl/include",
					"$(PROJECT_DIR)/HDLive/seekuHardware/livesourceSDK/VT/ffmpeg/include",
				);
				INFOPLIST_FILE = HDLive/Info.plist;
				IPHONEOS_DEPLOYMENT_TARGET = 7.0;
				LD_RUNPATH_SEARCH_PATHS = "$(inherited) @executable_path/Frameworks";
				LIBRARY_SEARCH_PATHS = (
					"$(inherited)",
					"$(PROJECT_DIR)/HDLive/seekuHardware/livesourceSDK/libssl/lib",
					"$(PROJECT_DIR)/HDLive/xfb/SDKExport",
					"$(PROJECT_DIR)/HDLive/seekuHardware/livesourceSDK/VT/ffmpeg/lib",
					"$(PROJECT_DIR)/HDLive/seekuHardware/livesourceSDK/VT/ffmpeg",
					"$(PROJECT_DIR)/HDLive",
				);
				PRODUCT_BUNDLE_IDENTIFIER = cn.fuleyou.xinfubaozx;
				PRODUCT_NAME = "$(TARGET_NAME)";
			};
			name = Release;
		};
		E1836B0C1C75A25F00F16D7A /* Debug */ = {
			isa = XCBuildConfiguration;
			buildSettings = {
				BUNDLE_LOADER = "$(TEST_HOST)";
				FRAMEWORK_SEARCH_PATHS = (
					"$(SDKROOT)/Developer/Library/Frameworks",
					"$(inherited)",
				);
				GCC_PREPROCESSOR_DEFINITIONS = (
					"DEBUG=1",
					"$(inherited)",
				);
				INFOPLIST_FILE = HDLiveTests/Info.plist;
				LD_RUNPATH_SEARCH_PATHS = "$(inherited) @executable_path/Frameworks @loader_path/Frameworks";
				PRODUCT_NAME = "$(TARGET_NAME)";
				TEST_HOST = "$(BUILT_PRODUCTS_DIR)/HDLive.app/HDLive";
			};
			name = Debug;
		};
		E1836B0D1C75A25F00F16D7A /* Release */ = {
			isa = XCBuildConfiguration;
			buildSettings = {
				BUNDLE_LOADER = "$(TEST_HOST)";
				FRAMEWORK_SEARCH_PATHS = (
					"$(SDKROOT)/Developer/Library/Frameworks",
					"$(inherited)",
				);
				INFOPLIST_FILE = HDLiveTests/Info.plist;
				LD_RUNPATH_SEARCH_PATHS = "$(inherited) @executable_path/Frameworks @loader_path/Frameworks";
				PRODUCT_NAME = "$(TARGET_NAME)";
				TEST_HOST = "$(BUILT_PRODUCTS_DIR)/HDLive.app/HDLive";
			};
			name = Release;
		};
/* End XCBuildConfiguration section */

/* Begin XCConfigurationList section */
		E1836AE01C75A25F00F16D7A /* Build configuration list for PBXProject "HDLive" */ = {
			isa = XCConfigurationList;
			buildConfigurations = (
				E1836B061C75A25F00F16D7A /* Debug */,
				E1836B071C75A25F00F16D7A /* Release */,
			);
			defaultConfigurationIsVisible = 0;
			defaultConfigurationName = Release;
		};
		E1836B081C75A25F00F16D7A /* Build configuration list for PBXNativeTarget "HDLive" */ = {
			isa = XCConfigurationList;
			buildConfigurations = (
				E1836B091C75A25F00F16D7A /* Debug */,
				E1836B0A1C75A25F00F16D7A /* Release */,
			);
			defaultConfigurationIsVisible = 0;
			defaultConfigurationName = Release;
		};
		E1836B0B1C75A25F00F16D7A /* Build configuration list for PBXNativeTarget "HDLiveTests" */ = {
			isa = XCConfigurationList;
			buildConfigurations = (
				E1836B0C1C75A25F00F16D7A /* Debug */,
				E1836B0D1C75A25F00F16D7A /* Release */,
			);
			defaultConfigurationIsVisible = 0;
			defaultConfigurationName = Release;
		};
/* End XCConfigurationList section */
	};
	rootObject = E1836ADD1C75A25F00F16D7A /* Project object */;
}
